PODS:
  - Flutter (1.0.0)
  - flutter_headset (0.0.1):
    - Flutter

DEPENDENCIES:
  - Flutter (from `Flutter`)
  - flutter_headset (from `.symlinks/plugins/flutter_headset/ios`)

EXTERNAL SOURCES:
  Flutter:
    :path: Flutter
  flutter_headset:
    :path: ".symlinks/plugins/flutter_headset/ios"

SPEC CHECKSUMS:
  Flutter: 0e3d915762c693b495b44d77113d4970485de6ec
  flutter_headset: f14205109cb9af5757da13f0ea771b5af33de4f1

PODFILE CHECKSUM: 1b66dae606f75376c5f2135a8290850eeb09ae83

COCOAPODS: 1.9.1
